
Microsoft Visual Studio Solution File, Format Version 12.00
# Visual Studio 15
VisualStudioVersion = 15.0.26730.16
MinimumVisualStudioVersion = 10.0.40219.1
Project("{FAE04EC0-301F-11D3-BF4B-00C04F79EFBC}") = "Client", "Client\Client.csproj", "{F08F871B-28AC-4114-8358-DC9020D76D8A}"
EndProject
Project("{FAE04EC0-301F-11D3-BF4B-00C04F79EFBC}") = "Server", "Server\Server.csproj", "{8A9EE6EC-4DF5-4E64-87D0-D9D8F1880679}"
EndProject
Project("{FAE04EC0-301F-11D3-BF4B-00C04F79EFBC}") = "TcpLib", "Common\TcpLib.csproj", "{F982775C-2938-4D1A-AA0D-662C34DB3FAC}"
EndProject
Global
	GlobalSection(SolutionConfigurationPlatforms) = preSolution
		Debug|Any CPU = Debug|Any CPU
		Release|Any CPU = Release|Any CPU
	EndGlobalSection
	GlobalSection(ProjectConfigurationPlatforms) = postSolution
		{F08F871B-28AC-4114-8358-DC9020D76D8A}.Debug|Any CPU.ActiveCfg = Debug|Any CPU
		{F08F871B-28AC-4114-8358-DC9020D76D8A}.Debug|Any CPU.Build.0 = Debug|Any CPU
		{F08F871B-28AC-4114-8358-DC9020D76D8A}.Release|Any CPU.ActiveCfg = Release|Any CPU
		{F08F871B-28AC-4114-8358-DC9020D76D8A}.Release|Any CPU.Build.0 = Release|Any CPU
		{8A9EE6EC-4DF5-4E64-87D0-D9D8F1880679}.Debug|Any CPU.ActiveCfg = Debug|Any CPU
		{8A9EE6EC-4DF5-4E64-87D0-D9D8F1880679}.Debug|Any CPU.Build.0 = Debug|Any CPU
		{8A9EE6EC-4DF5-4E64-87D0-D9D8F1880679}.Release|Any CPU.ActiveCfg = Release|Any CPU
		{8A9EE6EC-4DF5-4E64-87D0-D9D8F1880679}.Release|Any CPU.Build.0 = Release|Any CPU
		{F982775C-2938-4D1A-AA0D-662C34DB3FAC}.Debug|Any CPU.ActiveCfg = Debug|Any CPU
		{F982775C-2938-4D1A-AA0D-662C34DB3FAC}.Debug|Any CPU.Build.0 = Debug|Any CPU
		{F982775C-2938-4D1A-AA0D-662C34DB3FAC}.Release|Any CPU.ActiveCfg = Release|Any CPU
		{F982775C-2938-4D1A-AA0D-662C34DB3FAC}.Release|Any CPU.Build.0 = Release|Any CPU
	EndGlobalSection
	GlobalSection(SolutionProperties) = preSolution
		HideSolutionNode = FALSE
	EndGlobalSection
	GlobalSection(ExtensibilityGlobals) = postSolution
		SolutionGuid = {8D04C68B-1D50-4CE8-AA49-C727F2DD499B}
	EndGlobalSection
EndGlobal
